
Microsoft Visual Studio Solution File, Format Version 12.00
# Visual Studio Version 17
VisualStudioVersion = 17.0.31903.59
MinimumVisualStudioVersion = 10.0.40219.1
Project("{9A19103F-16F7-4668-BE54-9A1E7A4F7556}") = "UserWebAPI21", "UserWebAPI21.csproj", "{6908A008-B46B-42B0-A5BB-6B6BA504B121}"
EndProject
Global
	GlobalSection(SolutionConfigurationPlatforms) = preSolution
		Debug|Any CPU = Debug|Any CPU
		Release|Any CPU = Release|Any CPU
	EndGlobalSection
	GlobalSection(ProjectConfigurationPlatforms) = postSolution
		{6908A008-B46B-42B0-A5BB-6B6BA504B121}.Debug|Any CPU.ActiveCfg = Debug|Any CPU
		{6908A008-B46B-42B0-A5BB-6B6BA504B121}.Debug|Any CPU.Build.0 = Debug|Any CPU
		{6908A008-B46B-42B0-A5BB-6B6BA504B121}.Release|Any CPU.ActiveCfg = Release|Any CPU
		{6908A008-B46B-42B0-A5BB-6B6BA504B121}.Release|Any CPU.Build.0 = Release|Any CPU
	EndGlobalSection
	GlobalSection(SolutionProperties) = preSolution
		HideSolutionNode = FALSE
	EndGlobalSection
	GlobalSection(ExtensibilityGlobals) = postSolution
		SolutionGuid = {4471ECE0-77DC-46C6-8F27-18DA249B5D36}
	EndGlobalSection
EndGlobal
